{
  "name": "MQ-NavigatorProject_V3.0",
  "lockfileVersion": 3,
  "requires": true,
  "packages": {
    "": {
      "dependencies": {
        "@googlemaps/react-wrapper": "^1.1.42"
      }
    },
    "node_modules/@googlemaps/js-api-loader": {
      "version": "1.16.8",
      "license": "Apache-2.0"
    },
    "node_modules/@googlemaps/react-wrapper": {
      "version": "1.1.42",
      "resolved": "https://registry.npmjs.org/@googlemaps/react-wrapper/-/react-wrapper-1.1.42.tgz",
      "integrity": "sha512-rZBqreFTpHmNgB4vYBFkWPjXrjg3HDRmCSQFugCJ7wT45B+Ueh3pzjSvvHHGGIqtSJ3nS5VXRqBhRgpanP0saw==",
      "dependencies": {
        "@googlemaps/js-api-loader": "^1.13.2"
      },
      "peerDependencies": {
        "react": ">=16.8.0"
      }
    },
    "node_modules/js-tokens": {
      "version": "4.0.0",
      "license": "MIT",
      "peer": true
    },
    "node_modules/loose-envify": {
      "version": "1.4.0",
      "license": "MIT",
      "peer": true,
      "dependencies": {
        "js-tokens": "^3.0.0 || ^4.0.0"
      },
      "bin": {
        "loose-envify": "cli.js"
      }
    },
    "node_modules/react": {
      "version": "18.3.1",
      "license": "MIT",
      "peer": true,
      "dependencies": {
        "loose-envify": "^1.1.0"
      },
      "engines": {
        "node": ">=0.10.0"
      }
    }
  }
}
